
Microsoft Visual Studio Solution File, Format Version 12.00
# Visual Studio 15
VisualStudioVersion = 15.0.26823.1
MinimumVisualStudioVersion = 10.0.40219.1
Project("{FAE04EC0-301F-11D3-BF4B-00C04F79EFBC}") = "SampleWebApi", "SampleWebApi\SampleWebApi.csproj", "{A2636FBF-626F-4CB1-B619-5840BF1D55D8}"
EndProject
Project("{9A19103F-16F7-4668-BE54-9A1E7A4F7556}") = "ClassLibrary1", "ClassLibrary1\ClassLibrary1.csproj", "{946E7D94-9202-4047-88EF-08768659A1D2}"
EndProject
Project("{FAE04EC0-301F-11D3-BF4B-00C04F79EFBC}") = "ClassLibrary2", "ClassLibrary2\ClassLibrary2.csproj", "{DF5E1A58-5F14-40DB-89EB-147948C84414}"
EndProject
Project("{FAE04EC0-301F-11D3-BF4B-00C04F79EFBC}") = "ConsoleApp", "ConsoleApp\ConsoleApp.csproj", "{C2303B32-032E-4BAD-8E43-7F7C82635D1B}"
EndProject
Global
	GlobalSection(SolutionConfigurationPlatforms) = preSolution
		Debug|Any CPU = Debug|Any CPU
		Release|Any CPU = Release|Any CPU
	EndGlobalSection
	GlobalSection(ProjectConfigurationPlatforms) = postSolution
		{A2636FBF-626F-4CB1-B619-5840BF1D55D8}.Debug|Any CPU.ActiveCfg = Debug|Any CPU
		{A2636FBF-626F-4CB1-B619-5840BF1D55D8}.Debug|Any CPU.Build.0 = Debug|Any CPU
		{A2636FBF-626F-4CB1-B619-5840BF1D55D8}.Release|Any CPU.ActiveCfg = Release|Any CPU
		{A2636FBF-626F-4CB1-B619-5840BF1D55D8}.Release|Any CPU.Build.0 = Release|Any CPU
		{946E7D94-9202-4047-88EF-08768659A1D2}.Debug|Any CPU.ActiveCfg = Debug|Any CPU
		{946E7D94-9202-4047-88EF-08768659A1D2}.Debug|Any CPU.Build.0 = Debug|Any CPU
		{946E7D94-9202-4047-88EF-08768659A1D2}.Release|Any CPU.ActiveCfg = Release|Any CPU
		{946E7D94-9202-4047-88EF-08768659A1D2}.Release|Any CPU.Build.0 = Release|Any CPU
		{DF5E1A58-5F14-40DB-89EB-147948C84414}.Debug|Any CPU.ActiveCfg = Debug|Any CPU
		{DF5E1A58-5F14-40DB-89EB-147948C84414}.Debug|Any CPU.Build.0 = Debug|Any CPU
		{DF5E1A58-5F14-40DB-89EB-147948C84414}.Release|Any CPU.ActiveCfg = Release|Any CPU
		{DF5E1A58-5F14-40DB-89EB-147948C84414}.Release|Any CPU.Build.0 = Release|Any CPU
		{C2303B32-032E-4BAD-8E43-7F7C82635D1B}.Debug|Any CPU.ActiveCfg = Debug|Any CPU
		{C2303B32-032E-4BAD-8E43-7F7C82635D1B}.Debug|Any CPU.Build.0 = Debug|Any CPU
		{C2303B32-032E-4BAD-8E43-7F7C82635D1B}.Release|Any CPU.ActiveCfg = Release|Any CPU
		{C2303B32-032E-4BAD-8E43-7F7C82635D1B}.Release|Any CPU.Build.0 = Release|Any CPU
	EndGlobalSection
	GlobalSection(SolutionProperties) = preSolution
		HideSolutionNode = FALSE
	EndGlobalSection
	GlobalSection(ExtensibilityGlobals) = postSolution
		SolutionGuid = {74B8358D-324F-434F-B7DD-3DBFBE4B17CC}
	EndGlobalSection
EndGlobal
